
Microsoft Visual Studio Solution File, Format Version 12.00
# Visual Studio Version 16
VisualStudioVersion = 16.0.30907.101
MinimumVisualStudioVersion = 10.0.40219.1
Project("{FAE04EC0-301F-11D3-BF4B-00C04F79EFBC}") = "Angular", "Angular\Angular.csproj", "{312A1FF0-3BBB-489B-82E9-8A21CEC128CE}"
EndProject
Global
	GlobalSection(SolutionConfigurationPlatforms) = preSolution
		Debug|Any CPU = Debug|Any CPU
		Release|Any CPU = Release|Any CPU
	EndGlobalSection
	GlobalSection(ProjectConfigurationPlatforms) = postSolution
		{312A1FF0-3BBB-489B-82E9-8A21CEC128CE}.Debug|Any CPU.ActiveCfg = Debug|Any CPU
		{312A1FF0-3BBB-489B-82E9-8A21CEC128CE}.Debug|Any CPU.Build.0 = Debug|Any CPU
		{312A1FF0-3BBB-489B-82E9-8A21CEC128CE}.Release|Any CPU.ActiveCfg = Release|Any CPU
		{312A1FF0-3BBB-489B-82E9-8A21CEC128CE}.Release|Any CPU.Build.0 = Release|Any CPU
	EndGlobalSection
	GlobalSection(SolutionProperties) = preSolution
		HideSolutionNode = FALSE
	EndGlobalSection
	GlobalSection(ExtensibilityGlobals) = postSolution
		SolutionGuid = {CD7B550D-4FA6-4BCC-A8E5-5AD62F2032A7}
	EndGlobalSection
EndGlobal
